
Microsoft Visual Studio Solution File, Format Version 12.00
# Visual Studio Version 17
VisualStudioVersion = 17.14.36301.6
MinimumVisualStudioVersion = 10.0.40219.1
Project("{FAE04EC0-301F-11D3-BF4B-00C04F79EFBC}") = "ImageSplitter", "ImageSplitter\ImageSplitter.csproj", "{7F443458-AAD4-4BB3-A98B-85AD002A7E4D}"
EndProject
Global
	GlobalSection(SolutionConfigurationPlatforms) = preSolution
		Debug|Any CPU = Debug|Any CPU
		Debug|x64 = Debug|x64
		MayorRAM|Any CPU = MayorRAM|Any CPU
		MayorRAM|x64 = MayorRAM|x64
		Release|Any CPU = Release|Any CPU
		Release|x64 = Release|x64
	EndGlobalSection
	GlobalSection(ProjectConfigurationPlatforms) = postSolution
		{7F443458-AAD4-4BB3-A98B-85AD002A7E4D}.Debug|Any CPU.ActiveCfg = Debug|Any CPU
		{7F443458-AAD4-4BB3-A98B-85AD002A7E4D}.Debug|Any CPU.Build.0 = Debug|Any CPU
		{7F443458-AAD4-4BB3-A98B-85AD002A7E4D}.Debug|x64.ActiveCfg = Debug|x64
		{7F443458-AAD4-4BB3-A98B-85AD002A7E4D}.Debug|x64.Build.0 = Debug|x64
		{7F443458-AAD4-4BB3-A98B-85AD002A7E4D}.MayorRAM|Any CPU.ActiveCfg = MayorRAM|Any CPU
		{7F443458-AAD4-4BB3-A98B-85AD002A7E4D}.MayorRAM|Any CPU.Build.0 = MayorRAM|Any CPU
		{7F443458-AAD4-4BB3-A98B-85AD002A7E4D}.MayorRAM|x64.ActiveCfg = MayorRAM|x64
		{7F443458-AAD4-4BB3-A98B-85AD002A7E4D}.MayorRAM|x64.Build.0 = MayorRAM|x64
		{7F443458-AAD4-4BB3-A98B-85AD002A7E4D}.Release|Any CPU.ActiveCfg = Release|Any CPU
		{7F443458-AAD4-4BB3-A98B-85AD002A7E4D}.Release|Any CPU.Build.0 = Release|Any CPU
		{7F443458-AAD4-4BB3-A98B-85AD002A7E4D}.Release|x64.ActiveCfg = Release|x64
		{7F443458-AAD4-4BB3-A98B-85AD002A7E4D}.Release|x64.Build.0 = Release|x64
	EndGlobalSection
	GlobalSection(SolutionProperties) = preSolution
		HideSolutionNode = FALSE
	EndGlobalSection
	GlobalSection(ExtensibilityGlobals) = postSolution
		SolutionGuid = {AA099C72-0F3C-48AE-8A38-11A808585238}
	EndGlobalSection
EndGlobal
